
Microsoft Visual Studio Solution File, Format Version 12.00
# Visual Studio Version 17
VisualStudioVersion = 17.9.34607.119
MinimumVisualStudioVersion = 10.0.40219.1
Project("{FAE04EC0-301F-11D3-BF4B-00C04F79EFBC}") = "WPFControlTaskPrism", "WPFControlTaskPrism.csproj", "{2FBD2861-C57A-4662-A85C-F0153094E174}"
EndProject
Global
	GlobalSection(SolutionConfigurationPlatforms) = preSolution
		Debug|Any CPU = Debug|Any CPU
		Release|Any CPU = Release|Any CPU
	EndGlobalSection
	GlobalSection(ProjectConfigurationPlatforms) = postSolution
		{2FBD2861-C57A-4662-A85C-F0153094E174}.Debug|Any CPU.ActiveCfg = Debug|Any CPU
		{2FBD2861-C57A-4662-A85C-F0153094E174}.Debug|Any CPU.Build.0 = Debug|Any CPU
		{2FBD2861-C57A-4662-A85C-F0153094E174}.Release|Any CPU.ActiveCfg = Release|Any CPU
		{2FBD2861-C57A-4662-A85C-F0153094E174}.Release|Any CPU.Build.0 = Release|Any CPU
	EndGlobalSection
	GlobalSection(SolutionProperties) = preSolution
		HideSolutionNode = FALSE
	EndGlobalSection
	GlobalSection(ExtensibilityGlobals) = postSolution
		SolutionGuid = {33199F95-F05B-47A2-8C4B-07A7711E1D81}
	EndGlobalSection
EndGlobal
